
Microsoft Visual Studio Solution File, Format Version 12.00
# Visual Studio Version 16
VisualStudioVersion = 16.0.29911.84
MinimumVisualStudioVersion = 10.0.40219.1
Project("{8BC9CEB8-8B4A-11D0-8D11-00A0C91BC942}") = "ex201230", "ex201230\ex201230.vcxproj", "{CBC64D49-2E8B-4EDE-9B1B-EA38E6829BB9}"
EndProject
Global
	GlobalSection(SolutionConfigurationPlatforms) = preSolution
		Debug|x64 = Debug|x64
		Debug|x86 = Debug|x86
		Release|x64 = Release|x64
		Release|x86 = Release|x86
	EndGlobalSection
	GlobalSection(ProjectConfigurationPlatforms) = postSolution
		{CBC64D49-2E8B-4EDE-9B1B-EA38E6829BB9}.Debug|x64.ActiveCfg = Debug|x64
		{CBC64D49-2E8B-4EDE-9B1B-EA38E6829BB9}.Debug|x64.Build.0 = Debug|x64
		{CBC64D49-2E8B-4EDE-9B1B-EA38E6829BB9}.Debug|x86.ActiveCfg = Debug|Win32
		{CBC64D49-2E8B-4EDE-9B1B-EA38E6829BB9}.Debug|x86.Build.0 = Debug|Win32
		{CBC64D49-2E8B-4EDE-9B1B-EA38E6829BB9}.Release|x64.ActiveCfg = Release|x64
		{CBC64D49-2E8B-4EDE-9B1B-EA38E6829BB9}.Release|x64.Build.0 = Release|x64
		{CBC64D49-2E8B-4EDE-9B1B-EA38E6829BB9}.Release|x86.ActiveCfg = Release|Win32
		{CBC64D49-2E8B-4EDE-9B1B-EA38E6829BB9}.Release|x86.Build.0 = Release|Win32
	EndGlobalSection
	GlobalSection(SolutionProperties) = preSolution
		HideSolutionNode = FALSE
	EndGlobalSection
	GlobalSection(ExtensibilityGlobals) = postSolution
		SolutionGuid = {A5C7D62E-5116-445F-93C6-A9396B1E39B5}
	EndGlobalSection
EndGlobal
