
Microsoft Visual Studio Solution File, Format Version 12.00
# Visual Studio Version 16
VisualStudioVersion = 16.0.30717.126
MinimumVisualStudioVersion = 10.0.40219.1
Project("{FAE04EC0-301F-11D3-BF4B-00C04F79EFBC}") = "ImagePreprocessing", "ImagePreprocessing.csproj", "{2550438B-8B83-44F9-8622-3989B6CFFAEB}"
EndProject
Global
	GlobalSection(SolutionConfigurationPlatforms) = preSolution
		Debug|Any CPU = Debug|Any CPU
		Release|Any CPU = Release|Any CPU
	EndGlobalSection
	GlobalSection(ProjectConfigurationPlatforms) = postSolution
		{2550438B-8B83-44F9-8622-3989B6CFFAEB}.Debug|Any CPU.ActiveCfg = Debug|Any CPU
		{2550438B-8B83-44F9-8622-3989B6CFFAEB}.Debug|Any CPU.Build.0 = Debug|Any CPU
		{2550438B-8B83-44F9-8622-3989B6CFFAEB}.Release|Any CPU.ActiveCfg = Release|Any CPU
		{2550438B-8B83-44F9-8622-3989B6CFFAEB}.Release|Any CPU.Build.0 = Release|Any CPU
	EndGlobalSection
	GlobalSection(SolutionProperties) = preSolution
		HideSolutionNode = FALSE
	EndGlobalSection
	GlobalSection(ExtensibilityGlobals) = postSolution
		SolutionGuid = {9E66035D-37DC-4ECE-84CF-C16279619609}
	EndGlobalSection
EndGlobal
