
Microsoft Visual Studio Solution File, Format Version 12.00
# Visual Studio Version 16
VisualStudioVersion = 16.0.30804.86
MinimumVisualStudioVersion = 10.0.40219.1
Project("{FAE04EC0-301F-11D3-BF4B-00C04F79EFBC}") = "ex210106_CS_OpenCV", "ex210106_CS_OpenCV\ex210106_CS_OpenCV.csproj", "{04647866-B026-430F-9847-0FD2B79E4FD2}"
EndProject
Global
	GlobalSection(SolutionConfigurationPlatforms) = preSolution
		Debug|Any CPU = Debug|Any CPU
		Release|Any CPU = Release|Any CPU
	EndGlobalSection
	GlobalSection(ProjectConfigurationPlatforms) = postSolution
		{04647866-B026-430F-9847-0FD2B79E4FD2}.Debug|Any CPU.ActiveCfg = Debug|Any CPU
		{04647866-B026-430F-9847-0FD2B79E4FD2}.Debug|Any CPU.Build.0 = Debug|Any CPU
		{04647866-B026-430F-9847-0FD2B79E4FD2}.Release|Any CPU.ActiveCfg = Release|Any CPU
		{04647866-B026-430F-9847-0FD2B79E4FD2}.Release|Any CPU.Build.0 = Release|Any CPU
	EndGlobalSection
	GlobalSection(SolutionProperties) = preSolution
		HideSolutionNode = FALSE
	EndGlobalSection
	GlobalSection(ExtensibilityGlobals) = postSolution
		SolutionGuid = {00B34531-3DDE-41B6-AE57-EE69AE3B61FC}
	EndGlobalSection
EndGlobal
