
Microsoft Visual Studio Solution File, Format Version 12.00
# Visual Studio Version 16
VisualStudioVersion = 16.0.30804.86
MinimumVisualStudioVersion = 10.0.40219.1
Project("{FAE04EC0-301F-11D3-BF4B-00C04F79EFBC}") = "ex210102_CS_OpenCV", "ex210102_CS_OpenCV\ex210102_CS_OpenCV.csproj", "{C9E67457-6016-4BF8-AA77-6D9C033AEBFF}"
EndProject
Global
	GlobalSection(SolutionConfigurationPlatforms) = preSolution
		Debug|Any CPU = Debug|Any CPU
		Release|Any CPU = Release|Any CPU
	EndGlobalSection
	GlobalSection(ProjectConfigurationPlatforms) = postSolution
		{C9E67457-6016-4BF8-AA77-6D9C033AEBFF}.Debug|Any CPU.ActiveCfg = Debug|Any CPU
		{C9E67457-6016-4BF8-AA77-6D9C033AEBFF}.Debug|Any CPU.Build.0 = Debug|Any CPU
		{C9E67457-6016-4BF8-AA77-6D9C033AEBFF}.Release|Any CPU.ActiveCfg = Release|Any CPU
		{C9E67457-6016-4BF8-AA77-6D9C033AEBFF}.Release|Any CPU.Build.0 = Release|Any CPU
	EndGlobalSection
	GlobalSection(SolutionProperties) = preSolution
		HideSolutionNode = FALSE
	EndGlobalSection
	GlobalSection(ExtensibilityGlobals) = postSolution
		SolutionGuid = {9BFFC266-4F66-409D-99B7-0190D81BC569}
	EndGlobalSection
EndGlobal
