
Microsoft Visual Studio Solution File, Format Version 12.00
# Visual Studio Version 16
VisualStudioVersion = 16.0.30804.86
MinimumVisualStudioVersion = 10.0.40219.1
Project("{FAE04EC0-301F-11D3-BF4B-00C04F79EFBC}") = "ex210107_CS_histogram", "ex210107_CS_histogram\ex210107_CS_histogram.csproj", "{15079E10-1C39-40C8-9DDF-8CCF565C704A}"
EndProject
Global
	GlobalSection(SolutionConfigurationPlatforms) = preSolution
		Debug|Any CPU = Debug|Any CPU
		Release|Any CPU = Release|Any CPU
	EndGlobalSection
	GlobalSection(ProjectConfigurationPlatforms) = postSolution
		{15079E10-1C39-40C8-9DDF-8CCF565C704A}.Debug|Any CPU.ActiveCfg = Debug|Any CPU
		{15079E10-1C39-40C8-9DDF-8CCF565C704A}.Debug|Any CPU.Build.0 = Debug|Any CPU
		{15079E10-1C39-40C8-9DDF-8CCF565C704A}.Release|Any CPU.ActiveCfg = Release|Any CPU
		{15079E10-1C39-40C8-9DDF-8CCF565C704A}.Release|Any CPU.Build.0 = Release|Any CPU
	EndGlobalSection
	GlobalSection(SolutionProperties) = preSolution
		HideSolutionNode = FALSE
	EndGlobalSection
	GlobalSection(ExtensibilityGlobals) = postSolution
		SolutionGuid = {2B1A0917-56E9-4CEB-963F-AFF0771B2152}
	EndGlobalSection
EndGlobal
